
Microsoft Visual Studio Solution File, Format Version 12.00
# Visual Studio 15
VisualStudioVersion = 15.0.28307.757
MinimumVisualStudioVersion = 10.0.40219.1
Project("{FAE04EC0-301F-11D3-BF4B-00C04F79EFBC}") = "ProjectDataProgram", "ProjectDataProgram\ProjectDataProgram.csproj", "{53EA85B5-C6FC-40BE-AA17-614658D9B8DD}"
EndProject
Global
	GlobalSection(SolutionConfigurationPlatforms) = preSolution
		Debug|Any CPU = Debug|Any CPU
		Release|Any CPU = Release|Any CPU
	EndGlobalSection
	GlobalSection(ProjectConfigurationPlatforms) = postSolution
		{53EA85B5-C6FC-40BE-AA17-614658D9B8DD}.Debug|Any CPU.ActiveCfg = Debug|Any CPU
		{53EA85B5-C6FC-40BE-AA17-614658D9B8DD}.Debug|Any CPU.Build.0 = Debug|Any CPU
		{53EA85B5-C6FC-40BE-AA17-614658D9B8DD}.Release|Any CPU.ActiveCfg = Release|Any CPU
		{53EA85B5-C6FC-40BE-AA17-614658D9B8DD}.Release|Any CPU.Build.0 = Release|Any CPU
	EndGlobalSection
	GlobalSection(SolutionProperties) = preSolution
		HideSolutionNode = FALSE
	EndGlobalSection
	GlobalSection(ExtensibilityGlobals) = postSolution
		SolutionGuid = {52FED339-74B9-443B-B202-3588C5A38F24}
	EndGlobalSection
EndGlobal
